
Microsoft Visual Studio Solution File, Format Version 12.00
# Visual Studio Version 17
VisualStudioVersion = 17.11.35222.181
MinimumVisualStudioVersion = 10.0.40219.1
Project("{9A19103F-16F7-4668-BE54-9A1E7A4F7556}") = "smartPark", "smartPark.csproj", "{CDF420D1-F416-45B2-863D-62F15F4CBA2B}"
EndProject
Global
	GlobalSection(SolutionConfigurationPlatforms) = preSolution
		Debug|Any CPU = Debug|Any CPU
		Release|Any CPU = Release|Any CPU
	EndGlobalSection
	GlobalSection(ProjectConfigurationPlatforms) = postSolution
		{CDF420D1-F416-45B2-863D-62F15F4CBA2B}.Debug|Any CPU.ActiveCfg = Debug|Any CPU
		{CDF420D1-F416-45B2-863D-62F15F4CBA2B}.Debug|Any CPU.Build.0 = Debug|Any CPU
		{CDF420D1-F416-45B2-863D-62F15F4CBA2B}.Release|Any CPU.ActiveCfg = Release|Any CPU
		{CDF420D1-F416-45B2-863D-62F15F4CBA2B}.Release|Any CPU.Build.0 = Release|Any CPU
	EndGlobalSection
	GlobalSection(SolutionProperties) = preSolution
		HideSolutionNode = FALSE
	EndGlobalSection
	GlobalSection(ExtensibilityGlobals) = postSolution
		SolutionGuid = {2D3D18F4-F3AA-408E-8686-159D034AA2C3}
	EndGlobalSection
EndGlobal
